<?xml version="1.0" encoding="utf-8"?>
<Project ToolsVersion="4.0" xmlns="http://schemas.microsoft.com/developer/msbuild/2003">
  <ItemGroup>
    <Filter Include="Header Files">
      <UniqueIdentifier>{d263c8aa-4294-48ec-8afa-226cff917a77}</UniqueIdentifier>
      <Extensions>h;</Extensions>
    </Filter>
    <Filter Include="Source Files">
      <UniqueIdentifier>{7b50f012-c11e-4c4b-acfb-29404929bf8b}</UniqueIdentifier>
      <Extensions>c;cpp;cu</Extensions>
    </Filter>
  </ItemGroup>
  <ItemGroup>
    <ClCompile Include="..\common\ARSS.cpp">
      <Filter>Source Files</Filter>
    </ClCompile>
    <ClCompile Include="..\common\Drawers.cpp">
      <Filter>Source Files</Filter>
    </ClCompile>
    <ClCompile Include="..\common\HUD.cpp">
      <Filter>Source Files</Filter>
    </ClCompile>
    <ClCompile Include="..\extern\ncclib\ncclib.cpp">
      <Filter>Source Files</Filter>
    </ClCompile>
    <ClCompile Include="BoxOfRox.cpp">
      <Filter>Source Files</Filter>
    </ClCompile>
  </ItemGroup>
  <ItemGroup>
    <ClInclude Include="..\common\ARSS.h">
      <Filter>Header Files</Filter>
    </ClInclude>
    <ClInclude Include="..\common\Drawers.h">
      <Filter>Header Files</Filter>
    </ClInclude>
    <ClInclude Include="..\common\HUD.h">
      <Filter>Header Files</Filter>
    </ClInclude>
    <ClInclude Include="..\extern\ncclib\ncclib.h">
      <Filter>Header Files</Filter>
    </ClInclude>
    <ClInclude Include="BoxOfRox.h">
      <Filter>Header Files</Filter>
    </ClInclude>
  </ItemGroup>
  <ItemGroup>
    <None Include="BoxOfRox.ini" />
  </ItemGroup>
</Project>