<?xml version="1.0" encoding="utf-8"?>
<Project ToolsVersion="4.0" xmlns="http://schemas.microsoft.com/developer/msbuild/2003">
  <ItemGroup>
    <Filter Include="Source Files">
      <UniqueIdentifier>{7e9d081b-e232-440b-a198-098039bf5aaa}</UniqueIdentifier>
      <Extensions>c;cpp;cu;</Extensions>
    </Filter>
    <Filter Include="Header Files">
      <UniqueIdentifier>{7c1a8639-0d49-4220-8d63-edd61ea74f87}</UniqueIdentifier>
      <Extensions>h;</Extensions>
    </Filter>
  </ItemGroup>
  <ItemGroup>
    <ClCompile Include="LabScaleImpacts.cpp">
      <Filter>Source Files</Filter>
    </ClCompile>
    <ClCompile Include="..\common\ARSS.cpp">
      <Filter>Source Files</Filter>
    </ClCompile>
    <ClCompile Include="..\common\Drawers.cpp">
      <Filter>Source Files</Filter>
    </ClCompile>
    <ClCompile Include="..\common\HUD.cpp">
      <Filter>Source Files</Filter>
    </ClCompile>
    <ClCompile Include="..\extern\ncclib\ncclib.cpp">
      <Filter>Source Files</Filter>
    </ClCompile>
  </ItemGroup>
  <ItemGroup>
    <ClInclude Include="..\common\ARSS.h">
      <Filter>Header Files</Filter>
    </ClInclude>
    <ClInclude Include="..\common\Drawers.h">
      <Filter>Header Files</Filter>
    </ClInclude>
    <ClInclude Include="..\common\HUD.h">
      <Filter>Header Files</Filter>
    </ClInclude>
    <ClInclude Include="LabScaleImpacts.h">
      <Filter>Header Files</Filter>
    </ClInclude>
    <ClInclude Include="..\extern\ncclib\ncclib.h">
      <Filter>Header Files</Filter>
    </ClInclude>
  </ItemGroup>
  <ItemGroup>
    <None Include="LabScaleImpacts.ini" />
  </ItemGroup>
</Project>